
Microsoft Visual Studio Solution File, Format Version 12.00
# Visual Studio Version 17
VisualStudioVersion = 17.7.34031.279
MinimumVisualStudioVersion = 10.0.40219.1
Project("{9A19103F-16F7-4668-BE54-9A1E7A4F7556}") = "SAGCC Aspose", "ConsoleApp8\SAGCC Aspose.csproj", "{7A93D408-1532-4514-B7F6-4E9EA5CEEA47}"
EndProject
Project("{9A19103F-16F7-4668-BE54-9A1E7A4F7556}") = "CheckStatus", "ConsoleApp1\CheckStatus.csproj", "{4C3C8044-2A55-48CA-A0CD-EC90B3B5FF93}"
EndProject
Project("{9A19103F-16F7-4668-BE54-9A1E7A4F7556}") = "SA Aspose", "SA Aspose\SA Aspose.csproj", "{55260A08-5E0C-4363-9BFB-89305DBF81D9}"
EndProject
Project("{FAE04EC0-301F-11D3-BF4B-00C04F79EFBC}") = "test2", "test2\test2.csproj", "{CE9CCE5F-16FA-42CE-9607-FDDDF372947F}"
EndProject
Global
	GlobalSection(SolutionConfigurationPlatforms) = preSolution
		Debug|Any CPU = Debug|Any CPU
		Release|Any CPU = Release|Any CPU
	EndGlobalSection
	GlobalSection(ProjectConfigurationPlatforms) = postSolution
		{7A93D408-1532-4514-B7F6-4E9EA5CEEA47}.Debug|Any CPU.ActiveCfg = Debug|Any CPU
		{7A93D408-1532-4514-B7F6-4E9EA5CEEA47}.Debug|Any CPU.Build.0 = Debug|Any CPU
		{7A93D408-1532-4514-B7F6-4E9EA5CEEA47}.Release|Any CPU.ActiveCfg = Release|Any CPU
		{7A93D408-1532-4514-B7F6-4E9EA5CEEA47}.Release|Any CPU.Build.0 = Release|Any CPU
		{4C3C8044-2A55-48CA-A0CD-EC90B3B5FF93}.Debug|Any CPU.ActiveCfg = Debug|Any CPU
		{4C3C8044-2A55-48CA-A0CD-EC90B3B5FF93}.Debug|Any CPU.Build.0 = Debug|Any CPU
		{4C3C8044-2A55-48CA-A0CD-EC90B3B5FF93}.Release|Any CPU.ActiveCfg = Release|Any CPU
		{4C3C8044-2A55-48CA-A0CD-EC90B3B5FF93}.Release|Any CPU.Build.0 = Release|Any CPU
		{55260A08-5E0C-4363-9BFB-89305DBF81D9}.Debug|Any CPU.ActiveCfg = Debug|Any CPU
		{55260A08-5E0C-4363-9BFB-89305DBF81D9}.Debug|Any CPU.Build.0 = Debug|Any CPU
		{55260A08-5E0C-4363-9BFB-89305DBF81D9}.Release|Any CPU.ActiveCfg = Release|Any CPU
		{55260A08-5E0C-4363-9BFB-89305DBF81D9}.Release|Any CPU.Build.0 = Release|Any CPU
		{CE9CCE5F-16FA-42CE-9607-FDDDF372947F}.Debug|Any CPU.ActiveCfg = Debug|Any CPU
		{CE9CCE5F-16FA-42CE-9607-FDDDF372947F}.Debug|Any CPU.Build.0 = Debug|Any CPU
		{CE9CCE5F-16FA-42CE-9607-FDDDF372947F}.Release|Any CPU.ActiveCfg = Release|Any CPU
		{CE9CCE5F-16FA-42CE-9607-FDDDF372947F}.Release|Any CPU.Build.0 = Release|Any CPU
	EndGlobalSection
	GlobalSection(SolutionProperties) = preSolution
		HideSolutionNode = FALSE
	EndGlobalSection
	GlobalSection(ExtensibilityGlobals) = postSolution
		SolutionGuid = {277DFFE9-4A57-4F62-BCA1-ACCF5B803AEE}
	EndGlobalSection
EndGlobal
